
Microsoft Visual Studio Solution File, Format Version 12.00
# Visual Studio Version 17
VisualStudioVersion = 17.5.002.0
MinimumVisualStudioVersion = 10.0.40219.1
Project("{9A19103F-16F7-4668-BE54-9A1E7A4F7556}") = "CountdownApp", "CountdownApp.csproj", "{B44E02FC-E758-419D-8C79-66A8FCB1E75F}"
EndProject
Global
	GlobalSection(SolutionConfigurationPlatforms) = preSolution
		Debug|Any CPU = Debug|Any CPU
		Release|Any CPU = Release|Any CPU
	EndGlobalSection
	GlobalSection(ProjectConfigurationPlatforms) = postSolution
		{B44E02FC-E758-419D-8C79-66A8FCB1E75F}.Debug|Any CPU.ActiveCfg = Debug|Any CPU
		{B44E02FC-E758-419D-8C79-66A8FCB1E75F}.Debug|Any CPU.Build.0 = Debug|Any CPU
		{B44E02FC-E758-419D-8C79-66A8FCB1E75F}.Release|Any CPU.ActiveCfg = Release|Any CPU
		{B44E02FC-E758-419D-8C79-66A8FCB1E75F}.Release|Any CPU.Build.0 = Release|Any CPU
	EndGlobalSection
	GlobalSection(SolutionProperties) = preSolution
		HideSolutionNode = FALSE
	EndGlobalSection
	GlobalSection(ExtensibilityGlobals) = postSolution
		SolutionGuid = {CC133BD3-D16C-4DCE-B0F2-60BDEEC4BB0A}
	EndGlobalSection
EndGlobal
